// !$*UTF8*$!
{
	archiveVersion = 1;
	classes = {
	};
	objectVersion = 50;
	objects = {

/* Begin PBXBuildFile section */
		9F4C0A3A243F228800898FEA /* AnimatedDividerView.swift in Sources */ = {isa = PBXBuildFile; fileRef = 9F4C0A39243F228800898FEA /* AnimatedDividerView.swift */; };
		9F64CD4A243CAFFF006E395F /* UIView+extensions.swift in Sources */ = {isa = PBXBuildFile; fileRef = 9F64CD49243CAFFF006E395F /* UIView+extensions.swift */; };
		9F7E32582439D37900EC4798 /* Book.swift in Sources */ = {isa = PBXBuildFile; fileRef = 9F7E32572439D37900EC4798 /* Book.swift */; };
		9F7E325A243A34B500EC4798 /* UIColor+extensions.swift in Sources */ = {isa = PBXBuildFile; fileRef = 9F7E3259243A34B500EC4798 /* UIColor+extensions.swift */; };
		9F8F1B3824358E6900890B55 /* AppDelegate.swift in Sources */ = {isa = PBXBuildFile; fileRef = 9F8F1B3724358E6900890B55 /* AppDelegate.swift */; };
		9F8F1B3A24358E6900890B55 /* SceneDelegate.swift in Sources */ = {isa = PBXBuildFile; fileRef = 9F8F1B3924358E6900890B55 /* SceneDelegate.swift */; };
		9F8F1B3C24358E6900890B55 /* ViewController.swift in Sources */ = {isa = PBXBuildFile; fileRef = 9F8F1B3B24358E6900890B55 /* ViewController.swift */; };
		9F8F1B3F24358E6900890B55 /* Main.storyboard in Resources */ = {isa = PBXBuildFile; fileRef = 9F8F1B3D24358E6900890B55 /* Main.storyboard */; };
		9F8F1B4124358E6A00890B55 /* Assets.xcassets in Resources */ = {isa = PBXBuildFile; fileRef = 9F8F1B4024358E6A00890B55 /* Assets.xcassets */; };
		9F8F1B4424358E6A00890B55 /* LaunchScreen.storyboard in Resources */ = {isa = PBXBuildFile; fileRef = 9F8F1B4224358E6A00890B55 /* LaunchScreen.storyboard */; };
		9F8F1B4C24358EEC00890B55 /* BookListViewController.swift in Sources */ = {isa = PBXBuildFile; fileRef = 9F8F1B4B24358EEC00890B55 /* BookListViewController.swift */; };
		9F8F1B4F2435905400890B55 /* BookItemTableViewCell.swift in Sources */ = {isa = PBXBuildFile; fileRef = 9F8F1B4D2435905400890B55 /* BookItemTableViewCell.swift */; };
		9F8F1B502435905400890B55 /* BookItemTableViewCell.xib in Resources */ = {isa = PBXBuildFile; fileRef = 9F8F1B4E2435905400890B55 /* BookItemTableViewCell.xib */; };
		9F8F1B5B2435BCEC00890B55 /* BookSwapViewController.swift in Sources */ = {isa = PBXBuildFile; fileRef = 9F8F1B592435BCEC00890B55 /* BookSwapViewController.swift */; };
		9F8F1B5F24368D5D00890B55 /* PopAnimator.swift in Sources */ = {isa = PBXBuildFile; fileRef = 9F8F1B5E24368D5D00890B55 /* PopAnimator.swift */; };
		9F8F1B61243693F300890B55 /* PushAnimator.swift in Sources */ = {isa = PBXBuildFile; fileRef = 9F8F1B60243693F300890B55 /* PushAnimator.swift */; };
		9F8F1B632436941E00890B55 /* SwapNavigationController.swift in Sources */ = {isa = PBXBuildFile; fileRef = 9F8F1B622436941E00890B55 /* SwapNavigationController.swift */; };
		9F9EA4C0243AAD430031742E /* QuoteView.swift in Sources */ = {isa = PBXBuildFile; fileRef = 9F9EA4BF243AAD430031742E /* QuoteView.swift */; };
/* End PBXBuildFile section */

/* Begin PBXFileReference section */
		9F4C0A39243F228800898FEA /* AnimatedDividerView.swift */ = {isa = PBXFileReference; lastKnownFileType = sourcecode.swift; path = AnimatedDividerView.swift; sourceTree = "<group>"; };
		9F64CD49243CAFFF006E395F /* UIView+extensions.swift */ = {isa = PBXFileReference; lastKnownFileType = sourcecode.swift; path = "UIView+extensions.swift"; sourceTree = "<group>"; };
		9F7E32572439D37900EC4798 /* Book.swift */ = {isa = PBXFileReference; lastKnownFileType = sourcecode.swift; path = Book.swift; sourceTree = "<group>"; };
		9F7E3259243A34B500EC4798 /* UIColor+extensions.swift */ = {isa = PBXFileReference; lastKnownFileType = sourcecode.swift; path = "UIColor+extensions.swift"; sourceTree = "<group>"; };
		9F8F1B3424358E6900890B55 /* BookApp.app */ = {isa = PBXFileReference; explicitFileType = wrapper.application; includeInIndex = 0; path = BookApp.app; sourceTree = BUILT_PRODUCTS_DIR; };
		9F8F1B3724358E6900890B55 /* AppDelegate.swift */ = {isa = PBXFileReference; lastKnownFileType = sourcecode.swift; path = AppDelegate.swift; sourceTree = "<group>"; };
		9F8F1B3924358E6900890B55 /* SceneDelegate.swift */ = {isa = PBXFileReference; lastKnownFileType = sourcecode.swift; path = SceneDelegate.swift; sourceTree = "<group>"; };
		9F8F1B3B24358E6900890B55 /* ViewController.swift */ = {isa = PBXFileReference; lastKnownFileType = sourcecode.swift; path = ViewController.swift; sourceTree = "<group>"; };
		9F8F1B3E24358E6900890B55 /* Base */ = {isa = PBXFileReference; lastKnownFileType = file.storyboard; name = Base; path = Base.lproj/Main.storyboard; sourceTree = "<group>"; };
		9F8F1B4024358E6A00890B55 /* Assets.xcassets */ = {isa = PBXFileReference; lastKnownFileType = folder.assetcatalog; path = Assets.xcassets; sourceTree = "<group>"; };
		9F8F1B4324358E6A00890B55 /* Base */ = {isa = PBXFileReference; lastKnownFileType = file.storyboard; name = Base; path = Base.lproj/LaunchScreen.storyboard; sourceTree = "<group>"; };
		9F8F1B4524358E6A00890B55 /* Info.plist */ = {isa = PBXFileReference; lastKnownFileType = text.plist.xml; path = Info.plist; sourceTree = "<group>"; };
		9F8F1B4B24358EEC00890B55 /* BookListViewController.swift */ = {isa = PBXFileReference; lastKnownFileType = sourcecode.swift; path = BookListViewController.swift; sourceTree = "<group>"; };
		9F8F1B4D2435905400890B55 /* BookItemTableViewCell.swift */ = {isa = PBXFileReference; lastKnownFileType = sourcecode.swift; path = BookItemTableViewCell.swift; sourceTree = "<group>"; };
		9F8F1B4E2435905400890B55 /* BookItemTableViewCell.xib */ = {isa = PBXFileReference; lastKnownFileType = file.xib; path = BookItemTableViewCell.xib; sourceTree = "<group>"; };
		9F8F1B592435BCEC00890B55 /* BookSwapViewController.swift */ = {isa = PBXFileReference; lastKnownFileType = sourcecode.swift; path = BookSwapViewController.swift; sourceTree = "<group>"; };
		9F8F1B5E24368D5D00890B55 /* PopAnimator.swift */ = {isa = PBXFileReference; lastKnownFileType = sourcecode.swift; path = PopAnimator.swift; sourceTree = "<group>"; };
		9F8F1B60243693F300890B55 /* PushAnimator.swift */ = {isa = PBXFileReference; lastKnownFileType = sourcecode.swift; path = PushAnimator.swift; sourceTree = "<group>"; };
		9F8F1B622436941E00890B55 /* SwapNavigationController.swift */ = {isa = PBXFileReference; lastKnownFileType = sourcecode.swift; path = SwapNavigationController.swift; sourceTree = "<group>"; };
		9F9EA4BF243AAD430031742E /* QuoteView.swift */ = {isa = PBXFileReference; lastKnownFileType = sourcecode.swift; path = QuoteView.swift; sourceTree = "<group>"; };
/* End PBXFileReference section */

/* Begin PBXFrameworksBuildPhase section */
		9F8F1B3124358E6900890B55 /* Frameworks */ = {
			isa = PBXFrameworksBuildPhase;
			buildActionMask = 2147483647;
			files = (
			);
			runOnlyForDeploymentPostprocessing = 0;
		};
/* End PBXFrameworksBuildPhase section */

/* Begin PBXGroup section */
		9F8F1B2B24358E6900890B55 = {
			isa = PBXGroup;
			children = (
				9F8F1B3624358E6900890B55 /* BookApp */,
				9F8F1B3524358E6900890B55 /* Products */,
			);
			sourceTree = "<group>";
		};
		9F8F1B3524358E6900890B55 /* Products */ = {
			isa = PBXGroup;
			children = (
				9F8F1B3424358E6900890B55 /* BookApp.app */,
			);
			name = Products;
			sourceTree = "<group>";
		};
		9F8F1B3624358E6900890B55 /* BookApp */ = {
			isa = PBXGroup;
			children = (
				9F8F1B3724358E6900890B55 /* AppDelegate.swift */,
				9F8F1B3924358E6900890B55 /* SceneDelegate.swift */,
				9F8F1B3B24358E6900890B55 /* ViewController.swift */,
				9F8F1B3D24358E6900890B55 /* Main.storyboard */,
				9F8F1B4024358E6A00890B55 /* Assets.xcassets */,
				9F8F1B4224358E6A00890B55 /* LaunchScreen.storyboard */,
				9F8F1B4524358E6A00890B55 /* Info.plist */,
				9F8F1B4B24358EEC00890B55 /* BookListViewController.swift */,
				9F8F1B4D2435905400890B55 /* BookItemTableViewCell.swift */,
				9F8F1B4E2435905400890B55 /* BookItemTableViewCell.xib */,
				9F8F1B592435BCEC00890B55 /* BookSwapViewController.swift */,
				9F8F1B5D24368D4700890B55 /* transition */,
				9F7E32572439D37900EC4798 /* Book.swift */,
				9F7E3259243A34B500EC4798 /* UIColor+extensions.swift */,
				9F9EA4BF243AAD430031742E /* QuoteView.swift */,
				9F4C0A39243F228800898FEA /* AnimatedDividerView.swift */,
				9F64CD49243CAFFF006E395F /* UIView+extensions.swift */,
			);
			path = BookApp;
			sourceTree = "<group>";
		};
		9F8F1B5D24368D4700890B55 /* transition */ = {
			isa = PBXGroup;
			children = (
				9F8F1B5E24368D5D00890B55 /* PopAnimator.swift */,
				9F8F1B60243693F300890B55 /* PushAnimator.swift */,
				9F8F1B622436941E00890B55 /* SwapNavigationController.swift */,
			);
			path = transition;
			sourceTree = "<group>";
		};
/* End PBXGroup section */

/* Begin PBXNativeTarget section */
		9F8F1B3324358E6900890B55 /* BookApp */ = {
			isa = PBXNativeTarget;
			buildConfigurationList = 9F8F1B4824358E6A00890B55 /* Build configuration list for PBXNativeTarget "BookApp" */;
			buildPhases = (
				9F8F1B3024358E6900890B55 /* Sources */,
				9F8F1B3124358E6900890B55 /* Frameworks */,
				9F8F1B3224358E6900890B55 /* Resources */,
			);
			buildRules = (
			);
			dependencies = (
			);
			name = BookApp;
			productName = BookApp;
			productReference = 9F8F1B3424358E6900890B55 /* BookApp.app */;
			productType = "com.apple.product-type.application";
		};
/* End PBXNativeTarget section */

/* Begin PBXProject section */
		9F8F1B2C24358E6900890B55 /* Project object */ = {
			isa = PBXProject;
			attributes = {
				LastSwiftUpdateCheck = 1130;
				LastUpgradeCheck = 1130;
				ORGANIZATIONNAME = "Agustin Cepeda";
				TargetAttributes = {
					9F8F1B3324358E6900890B55 = {
						CreatedOnToolsVersion = 11.3;
					};
				};
			};
			buildConfigurationList = 9F8F1B2F24358E6900890B55 /* Build configuration list for PBXProject "BookApp" */;
			compatibilityVersion = "Xcode 9.3";
			developmentRegion = en;
			hasScannedForEncodings = 0;
			knownRegions = (
				en,
				Base,
			);
			mainGroup = 9F8F1B2B24358E6900890B55;
			productRefGroup = 9F8F1B3524358E6900890B55 /* Products */;
			projectDirPath = "";
			projectRoot = "";
			targets = (
				9F8F1B3324358E6900890B55 /* BookApp */,
			);
		};
/* End PBXProject section */

/* Begin PBXResourcesBuildPhase section */
		9F8F1B3224358E6900890B55 /* Resources */ = {
			isa = PBXResourcesBuildPhase;
			buildActionMask = 2147483647;
			files = (
				9F8F1B4424358E6A00890B55 /* LaunchScreen.storyboard in Resources */,
				9F8F1B4124358E6A00890B55 /* Assets.xcassets in Resources */,
				9F8F1B3F24358E6900890B55 /* Main.storyboard in Resources */,
				9F8F1B502435905400890B55 /* BookItemTableViewCell.xib in Resources */,
			);
			runOnlyForDeploymentPostprocessing = 0;
		};
/* End PBXResourcesBuildPhase section */

/* Begin PBXSourcesBuildPhase section */
		9F8F1B3024358E6900890B55 /* Sources */ = {
			isa = PBXSourcesBuildPhase;
			buildActionMask = 2147483647;
			files = (
				9F4C0A3A243F228800898FEA /* AnimatedDividerView.swift in Sources */,
				9F8F1B61243693F300890B55 /* PushAnimator.swift in Sources */,
				9F8F1B5F24368D5D00890B55 /* PopAnimator.swift in Sources */,
				9F8F1B4F2435905400890B55 /* BookItemTableViewCell.swift in Sources */,
				9F7E325A243A34B500EC4798 /* UIColor+extensions.swift in Sources */,
				9F8F1B3C24358E6900890B55 /* ViewController.swift in Sources */,
				9F64CD4A243CAFFF006E395F /* UIView+extensions.swift in Sources */,
				9F8F1B632436941E00890B55 /* SwapNavigationController.swift in Sources */,
				9F8F1B4C24358EEC00890B55 /* BookListViewController.swift in Sources */,
				9F9EA4C0243AAD430031742E /* QuoteView.swift in Sources */,
				9F8F1B3824358E6900890B55 /* AppDelegate.swift in Sources */,
				9F8F1B5B2435BCEC00890B55 /* BookSwapViewController.swift in Sources */,
				9F7E32582439D37900EC4798 /* Book.swift in Sources */,
				9F8F1B3A24358E6900890B55 /* SceneDelegate.swift in Sources */,
			);
			runOnlyForDeploymentPostprocessing = 0;
		};
/* End PBXSourcesBuildPhase section */

/* Begin PBXVariantGroup section */
		9F8F1B3D24358E6900890B55 /* Main.storyboard */ = {
			isa = PBXVariantGroup;
			children = (
				9F8F1B3E24358E6900890B55 /* Base */,
			);
			name = Main.storyboard;
			sourceTree = "<group>";
		};
		9F8F1B4224358E6A00890B55 /* LaunchScreen.storyboard */ = {
			isa = PBXVariantGroup;
			children = (
				9F8F1B4324358E6A00890B55 /* Base */,
			);
			name = LaunchScreen.storyboard;
			sourceTree = "<group>";
		};
/* End PBXVariantGroup section */

/* Begin XCBuildConfiguration section */
		9F8F1B4624358E6A00890B55 /* Debug */ = {
			isa = XCBuildConfiguration;
			buildSettings = {
				ALWAYS_SEARCH_USER_PATHS = NO;
				CLANG_ANALYZER_NONNULL = YES;
				CLANG_ANALYZER_NUMBER_OBJECT_CONVERSION = YES_AGGRESSIVE;
				CLANG_CXX_LANGUAGE_STANDARD = "gnu++14";
				CLANG_CXX_LIBRARY = "libc++";
				CLANG_ENABLE_MODULES = YES;
				CLANG_ENABLE_OBJC_ARC = YES;
				CLANG_ENABLE_OBJC_WEAK = YES;
				CLANG_WARN_BLOCK_CAPTURE_AUTORELEASING = YES;
				CLANG_WARN_BOOL_CONVERSION = YES;
				CLANG_WARN_COMMA = YES;
				CLANG_WARN_CONSTANT_CONVERSION = YES;
				CLANG_WARN_DEPRECATED_OBJC_IMPLEMENTATIONS = YES;
				CLANG_WARN_DIRECT_OBJC_ISA_USAGE = YES_ERROR;
				CLANG_WARN_DOCUMENTATION_COMMENTS = YES;
				CLANG_WARN_EMPTY_BODY = YES;
				CLANG_WARN_ENUM_CONVERSION = YES;
				CLANG_WARN_INFINITE_RECURSION = YES;
				CLANG_WARN_INT_CONVERSION = YES;
				CLANG_WARN_NON_LITERAL_NULL_CONVERSION = YES;
				CLANG_WARN_OBJC_IMPLICIT_RETAIN_SELF = YES;
				CLANG_WARN_OBJC_LITERAL_CONVERSION = YES;
				CLANG_WARN_OBJC_ROOT_CLASS = YES_ERROR;
				CLANG_WARN_RANGE_LOOP_ANALYSIS = YES;
				CLANG_WARN_STRICT_PROTOTYPES = YES;
				CLANG_WARN_SUSPICIOUS_MOVE = YES;
				CLANG_WARN_UNGUARDED_AVAILABILITY = YES_AGGRESSIVE;
				CLANG_WARN_UNREACHABLE_CODE = YES;
				CLANG_WARN__DUPLICATE_METHOD_MATCH = YES;
				COPY_PHASE_STRIP = NO;
				DEBUG_INFORMATION_FORMAT = dwarf;
				ENABLE_STRICT_OBJC_MSGSEND = YES;
				ENABLE_TESTABILITY = YES;
				GCC_C_LANGUAGE_STANDARD = gnu11;
				GCC_DYNAMIC_NO_PIC = NO;
				GCC_NO_COMMON_BLOCKS = YES;
				GCC_OPTIMIZATION_LEVEL = 0;
				GCC_PREPROCESSOR_DEFINITIONS = (
					"DEBUG=1",
					"$(inherited)",
				);
				GCC_WARN_64_TO_32_BIT_CONVERSION = YES;
				GCC_WARN_ABOUT_RETURN_TYPE = YES_ERROR;
				GCC_WARN_UNDECLARED_SELECTOR = YES;
				GCC_WARN_UNINITIALIZED_AUTOS = YES_AGGRESSIVE;
				GCC_WARN_UNUSED_FUNCTION = YES;
				GCC_WARN_UNUSED_VARIABLE = YES;
				IPHONEOS_DEPLOYMENT_TARGET = 13.2;
				MTL_ENABLE_DEBUG_INFO = INCLUDE_SOURCE;
				MTL_FAST_MATH = YES;
				ONLY_ACTIVE_ARCH = YES;
				SDKROOT = iphoneos;
				SWIFT_ACTIVE_COMPILATION_CONDITIONS = DEBUG;
				SWIFT_OPTIMIZATION_LEVEL = "-Onone";
			};
			name = Debug;
		};
		9F8F1B4724358E6A00890B55 /* Release */ = {
			isa = XCBuildConfiguration;
			buildSettings = {
				ALWAYS_SEARCH_USER_PATHS = NO;
				CLANG_ANALYZER_NONNULL = YES;
				CLANG_ANALYZER_NUMBER_OBJECT_CONVERSION = YES_AGGRESSIVE;
				CLANG_CXX_LANGUAGE_STANDARD = "gnu++14";
				CLANG_CXX_LIBRARY = "libc++";
				CLANG_ENABLE_MODULES = YES;
				CLANG_ENABLE_OBJC_ARC = YES;
				CLANG_ENABLE_OBJC_WEAK = YES;
				CLANG_WARN_BLOCK_CAPTURE_AUTORELEASING = YES;
				CLANG_WARN_BOOL_CONVERSION = YES;
				CLANG_WARN_COMMA = YES;
				CLANG_WARN_CONSTANT_CONVERSION = YES;
				CLANG_WARN_DEPRECATED_OBJC_IMPLEMENTATIONS = YES;
				CLANG_WARN_DIRECT_OBJC_ISA_USAGE = YES_ERROR;
				CLANG_WARN_DOCUMENTATION_COMMENTS = YES;
				CLANG_WARN_EMPTY_BODY = YES;
				CLANG_WARN_ENUM_CONVERSION = YES;
				CLANG_WARN_INFINITE_RECURSION = YES;
				CLANG_WARN_INT_CONVERSION = YES;
				CLANG_WARN_NON_LITERAL_NULL_CONVERSION = YES;
				CLANG_WARN_OBJC_IMPLICIT_RETAIN_SELF = YES;
				CLANG_WARN_OBJC_LITERAL_CONVERSION = YES;
				CLANG_WARN_OBJC_ROOT_CLASS = YES_ERROR;
				CLANG_WARN_RANGE_LOOP_ANALYSIS = YES;
				CLANG_WARN_STRICT_PROTOTYPES = YES;
				CLANG_WARN_SUSPICIOUS_MOVE = YES;
				CLANG_WARN_UNGUARDED_AVAILABILITY = YES_AGGRESSIVE;
				CLANG_WARN_UNREACHABLE_CODE = YES;
				CLANG_WARN__DUPLICATE_METHOD_MATCH = YES;
				COPY_PHASE_STRIP = NO;
				DEBUG_INFORMATION_FORMAT = "dwarf-with-dsym";
				ENABLE_NS_ASSERTIONS = NO;
				ENABLE_STRICT_OBJC_MSGSEND = YES;
				GCC_C_LANGUAGE_STANDARD = gnu11;
				GCC_NO_COMMON_BLOCKS = YES;
				GCC_WARN_64_TO_32_BIT_CONVERSION = YES;
				GCC_WARN_ABOUT_RETURN_TYPE = YES_ERROR;
				GCC_WARN_UNDECLARED_SELECTOR = YES;
				GCC_WARN_UNINITIALIZED_AUTOS = YES_AGGRESSIVE;
				GCC_WARN_UNUSED_FUNCTION = YES;
				GCC_WARN_UNUSED_VARIABLE = YES;
				IPHONEOS_DEPLOYMENT_TARGET = 13.2;
				MTL_ENABLE_DEBUG_INFO = NO;
				MTL_FAST_MATH = YES;
				SDKROOT = iphoneos;
				SWIFT_COMPILATION_MODE = wholemodule;
				SWIFT_OPTIMIZATION_LEVEL = "-O";
				VALIDATE_PRODUCT = YES;
			};
			name = Release;
		};
		9F8F1B4924358E6A00890B55 /* Debug */ = {
			isa = XCBuildConfiguration;
			buildSettings = {
				ASSETCATALOG_COMPILER_APPICON_NAME = AppIcon;
				CODE_SIGN_STYLE = Automatic;
				DEVELOPMENT_TEAM = 4X4PXM867M;
				INFOPLIST_FILE = BookApp/Info.plist;
				LD_RUNPATH_SEARCH_PATHS = (
					"$(inherited)",
					"@executable_path/Frameworks",
				);
				PRODUCT_BUNDLE_IDENTIFIER = agcepeda.BookApp;
				PRODUCT_NAME = "$(TARGET_NAME)";
				SWIFT_VERSION = 5.0;
				TARGETED_DEVICE_FAMILY = "1,2";
			};
			name = Debug;
		};
		9F8F1B4A24358E6A00890B55 /* Release */ = {
			isa = XCBuildConfiguration;
			buildSettings = {
				ASSETCATALOG_COMPILER_APPICON_NAME = AppIcon;
				CODE_SIGN_STYLE = Automatic;
				DEVELOPMENT_TEAM = 4X4PXM867M;
				INFOPLIST_FILE = BookApp/Info.plist;
				LD_RUNPATH_SEARCH_PATHS = (
					"$(inherited)",
					"@executable_path/Frameworks",
				);
				PRODUCT_BUNDLE_IDENTIFIER = agcepeda.BookApp;
				PRODUCT_NAME = "$(TARGET_NAME)";
				SWIFT_VERSION = 5.0;
				TARGETED_DEVICE_FAMILY = "1,2";
			};
			name = Release;
		};
/* End XCBuildConfiguration section */

/* Begin XCConfigurationList section */
		9F8F1B2F24358E6900890B55 /* Build configuration list for PBXProject "BookApp" */ = {
			isa = XCConfigurationList;
			buildConfigurations = (
				9F8F1B4624358E6A00890B55 /* Debug */,
				9F8F1B4724358E6A00890B55 /* Release */,
			);
			defaultConfigurationIsVisible = 0;
			defaultConfigurationName = Release;
		};
		9F8F1B4824358E6A00890B55 /* Build configuration list for PBXNativeTarget "BookApp" */ = {
			isa = XCConfigurationList;
			buildConfigurations = (
				9F8F1B4924358E6A00890B55 /* Debug */,
				9F8F1B4A24358E6A00890B55 /* Release */,
			);
			defaultConfigurationIsVisible = 0;
			defaultConfigurationName = Release;
		};
/* End XCConfigurationList section */
	};
	rootObject = 9F8F1B2C24358E6900890B55 /* Project object */;
}
